
Microsoft Visual Studio Solution File, Format Version 12.00
# Visual Studio Version 17
VisualStudioVersion = 17.9.34607.119
MinimumVisualStudioVersion = 10.0.40219.1
Project("{FAE04EC0-301F-11D3-BF4B-00C04F79EFBC}") = "Wpf3DGraphicsApp", "Wpf3DGraphicsApp\Wpf3DGraphicsApp.csproj", "{CC841427-6351-4D13-9D0C-758DB67DC397}"
EndProject
Global
	GlobalSection(SolutionConfigurationPlatforms) = preSolution
		Debug|Any CPU = Debug|Any CPU
		Release|Any CPU = Release|Any CPU
	EndGlobalSection
	GlobalSection(ProjectConfigurationPlatforms) = postSolution
		{CC841427-6351-4D13-9D0C-758DB67DC397}.Debug|Any CPU.ActiveCfg = Debug|Any CPU
		{CC841427-6351-4D13-9D0C-758DB67DC397}.Debug|Any CPU.Build.0 = Debug|Any CPU
		{CC841427-6351-4D13-9D0C-758DB67DC397}.Release|Any CPU.ActiveCfg = Release|Any CPU
		{CC841427-6351-4D13-9D0C-758DB67DC397}.Release|Any CPU.Build.0 = Release|Any CPU
	EndGlobalSection
	GlobalSection(SolutionProperties) = preSolution
		HideSolutionNode = FALSE
	EndGlobalSection
	GlobalSection(ExtensibilityGlobals) = postSolution
		SolutionGuid = {0C9A2E59-8992-4024-8E21-B7784EB026EC}
	EndGlobalSection
EndGlobal
